github.com/notaud/gwintils v0.0.0-20240813225413-2c4579da46a4 h1:+0RhRWr2J17HCH+Ie5zF5OsgCYv2MkrLD7JTwoLO5ak=
github.com/notaud/gwintils v0.0.0-20240813225413-2c4579da46a4/go.mod h1:7E5kwf7k4dSozi3S7jsYvIpgcpJmswEleayKB6RdkIk=
github.com/notaud/gwintils v0.0.0-20240814184741-8142cfbd352a h1:JdJcmwbnOxv+iY7FifkCziTizXZgGaC3UeVlP43PAnQ=
github.com/notaud/gwintils v0.0.0-20240814184741-8142cfbd352a/go.mod h1:7E5kwf7k4dSozi3S7jsYvIpgcpJmswEleayKB6RdkIk=
github.com/notaud/gwintils v0.0.0-20240814191722-6152d13039b1 h1:9zedITD7i+8w11bemLIFQG4cwUwPWoJ9aofTjZBadC8=
github.com/notaud/gwintils v0.0.0-20240814191722-6152d13039b1/go.mod h1:7E5kwf7k4dSozi3S7jsYvIpgcpJmswEleayKB6RdkIk=
github.com/notaud/gwintils v0.0.0-20240814192122-f4a9b5def0ea h1:7d2sMfbVMEdS6B0muha2L3vFsqPhC+1SiEQY+FPEA8g=
github.com/notaud/gwintils v0.0.0-20240814192122-f4a9b5def0ea/go.mod h1:7E5kwf7k4dSozi3S7jsYvIpgcpJmswEleayKB6RdkIk=
github.com/notaud/gwintils v0.0.0-20240814210304-74e397f25c91 h1:TvBNrryEkYxUmp7VdNKp7sMWgLC9ukgN04iVcwc9pvg=
github.com/notaud/gwintils v0.0.0-20240814210304-74e397f25c91/go.mod h1:7E5kwf7k4dSozi3S7jsYvIpgcpJmswEleayKB6RdkIk=
github.com/notaud/gwintils v0.0.0-20240817025700-3038922ae58c h1:IzdPoqCjm7ZQ6LIFIp1x2Hf3Oz5ufOjhovyhxgt8u1Q=
github.com/notaud/gwintils v0.0.0-20240817025700-3038922ae58c/go.mod h1:7E5kwf7k4dSozi3S7jsYvIpgcpJmswEleayKB6RdkIk=
github.com/notaud/gwintils v0.0.0-20240817044504-fb9dbba7ea1d h1:izYXr1TZ4SQjxcsLkxpvvQqxJFKSFh6gbtY9GyBo4Vs=
github.com/notaud/gwintils v0.0.0-20240817044504-fb9dbba7ea1d/go.mod h1:7E5kwf7k4dSozi3S7jsYvIpgcpJmswEleayKB6RdkIk=
golang.org/x/sys v0.24.0 h1:Twjiwq9dn6R1fQcyiK+wQyHWfaz/BJB+YIpzU/Cv3Xg=
golang.org/x/sys v0.24.0/go.mod h1:/VUhepiaJMQUp4+oa/7Zr1D23ma6VTLIYjOOTFZPUcA=
